
Microsoft Visual Studio Solution File, Format Version 12.00
# Visual Studio Version 16
VisualStudioVersion = 16.0.809.3
MinimumVisualStudioVersion = 10.0.40219.1
Project("{FAE04EC0-301F-11D3-BF4B-00C04F79EFBC}") = "RecipesApp", "RecipesApp\RecipesApp.csproj", "{4F72BDBD-06BE-4CB5-ACA6-B5D32C098819}"
EndProject
Global
	GlobalSection(SolutionConfigurationPlatforms) = preSolution
		Debug|Any CPU = Debug|Any CPU
		Release|Any CPU = Release|Any CPU
	EndGlobalSection
	GlobalSection(ProjectConfigurationPlatforms) = postSolution
		{4F72BDBD-06BE-4CB5-ACA6-B5D32C098819}.Debug|Any CPU.ActiveCfg = Debug|Any CPU
		{4F72BDBD-06BE-4CB5-ACA6-B5D32C098819}.Debug|Any CPU.Build.0 = Debug|Any CPU
		{4F72BDBD-06BE-4CB5-ACA6-B5D32C098819}.Release|Any CPU.ActiveCfg = Release|Any CPU
		{4F72BDBD-06BE-4CB5-ACA6-B5D32C098819}.Release|Any CPU.Build.0 = Release|Any CPU
	EndGlobalSection
	GlobalSection(SolutionProperties) = preSolution
		HideSolutionNode = FALSE
	EndGlobalSection
	GlobalSection(ExtensibilityGlobals) = postSolution
		SolutionGuid = {7E214EA2-8E64-4037-B00B-058DE7A48A2C}
	EndGlobalSection
EndGlobal
