
Microsoft Visual Studio Solution File, Format Version 12.00
# Visual Studio Version 16
VisualStudioVersion = 16.0.809.3
MinimumVisualStudioVersion = 10.0.40219.1
Project("{FAE04EC0-301F-11D3-BF4B-00C04F79EFBC}") = "RecipesApp", "RecipesApp.csproj", "{52DB0F18-B3AA-424F-A5C6-96372D5CF520}"
EndProject
Global
	GlobalSection(SolutionConfigurationPlatforms) = preSolution
		Debug|Any CPU = Debug|Any CPU
		Release|Any CPU = Release|Any CPU
	EndGlobalSection
	GlobalSection(ProjectConfigurationPlatforms) = postSolution
		{52DB0F18-B3AA-424F-A5C6-96372D5CF520}.Debug|Any CPU.ActiveCfg = Debug|Any CPU
		{52DB0F18-B3AA-424F-A5C6-96372D5CF520}.Debug|Any CPU.Build.0 = Debug|Any CPU
		{52DB0F18-B3AA-424F-A5C6-96372D5CF520}.Release|Any CPU.ActiveCfg = Release|Any CPU
		{52DB0F18-B3AA-424F-A5C6-96372D5CF520}.Release|Any CPU.Build.0 = Release|Any CPU
	EndGlobalSection
	GlobalSection(SolutionProperties) = preSolution
		HideSolutionNode = FALSE
	EndGlobalSection
	GlobalSection(ExtensibilityGlobals) = postSolution
		SolutionGuid = {E6011304-5E25-49E2-911D-3ACE8A4AC8E9}
	EndGlobalSection
EndGlobal
